
Microsoft Visual Studio Solution File, Format Version 12.00
# Visual Studio Version 16
VisualStudioVersion = 16.0.31727.386
MinimumVisualStudioVersion = 10.0.40219.1
Project("{FAE04EC0-301F-11D3-BF4B-00C04F79EFBC}") = "CursoWindowsForms", "CursoWindowsForms\CursoWindowsForms.csproj", "{67C4117D-F56E-4A7D-BECF-7670DB7420C5}"
EndProject
Global
	GlobalSection(SolutionConfigurationPlatforms) = preSolution
		Debug|Any CPU = Debug|Any CPU
		Release|Any CPU = Release|Any CPU
	EndGlobalSection
	GlobalSection(ProjectConfigurationPlatforms) = postSolution
		{67C4117D-F56E-4A7D-BECF-7670DB7420C5}.Debug|Any CPU.ActiveCfg = Debug|Any CPU
		{67C4117D-F56E-4A7D-BECF-7670DB7420C5}.Debug|Any CPU.Build.0 = Debug|Any CPU
		{67C4117D-F56E-4A7D-BECF-7670DB7420C5}.Release|Any CPU.ActiveCfg = Release|Any CPU
		{67C4117D-F56E-4A7D-BECF-7670DB7420C5}.Release|Any CPU.Build.0 = Release|Any CPU
	EndGlobalSection
	GlobalSection(SolutionProperties) = preSolution
		HideSolutionNode = FALSE
	EndGlobalSection
	GlobalSection(ExtensibilityGlobals) = postSolution
		SolutionGuid = {62606013-8800-4E64-97D8-8BC90826AC29}
	EndGlobalSection
EndGlobal
